{
    "name": "fixtures",
    "lockfileVersion": 3,
    "requires": true,
    "packages": {
        "": {
            "dependencies": {
                "ryo.js": "file:../.."
            }
        },
        "../..": {
            "name": "ryo.js",
            "version": "0.0.0-meme.72",
            "license": "ISC",
            "dependencies": {
                "@asn.aeb/esbuild-css-modules-plugin": "0.1.9",
                "@babel/core": "^7.23.9",
                "@babel/plugin-transform-react-jsx": "^7.23.4",
                "@babel/preset-env": "^7.23.9",
                "@babel/register": "^7",
                "@luncheon/esbuild-plugin-gzip": "^0.1.0",
                "babel-preset-preact": "^2.0.0",
                "csrf": "3.1.0",
                "esbuild": "^0.27.2",
                "esbuild-plugin-vue3": "0.4.2",
                "flamethrower-router": "^0.0.0-meme.12",
                "graphql": "16.8.1",
                "html-minifier": "4.0.0",
                "module-from-string": "^3.3.0",
                "node-fetch": "^2.6.7",
                "path-to-regexp": "6.2.1",
                "preact-render-to-string": "6.3.1",
                "uWebSockets.js": "github:uNetworking/uWebSockets.js#v20.56.0",
                "vue": "3.4.19",
                "winston": "3.11.0"
            },
            "bin": {
                "ryo": "dist/cjs/index.js"
            },
            "devDependencies": {
                "@chialab/esbuild-plugin-postcss": "^0.18.0",
                "@playwright/test": "^1.57.0",
                "@types/babel__register": "^7.17.3",
                "@types/html-minifier": "4.0.5",
                "@types/node": "^20.11.19",
                "@types/node-fetch": "^2.6.11",
                "esbuild-register": "^3.6.0",
                "jsdom": "^27.3.0",
                "typescript": "^5.3.3",
                "vitest": "^4.0.16"
            },
            "peerDependencies": {
                "preact": "^10.15.1",
                "react": "npm:@preact/compat",
                "react-dom": "npm:@preact/compat"
            }
        },
        "node_modules/ryo.js": {
            "resolved": "../..",
            "link": true
        }
    }
}
